{
  "requires": true,
  "lockfileVersion": 1,
  "dependencies": {
    "react-event-bus": {
      "version": "1.0.1",
      "resolved": "https://registry.npmjs.org/react-event-bus/-/react-event-bus-1.0.1.tgz",
      "integrity": "sha512-Sqtv9E56YyZrySf1aqnTw+pOZvzKqSLcYyqW4BzhhRQpW8P9FfdiuXtOVS58In2IwYLCS4v88XgC6buKDJDGmw=="
    }
  }
}
